
Microsoft Visual Studio Solution File, Format Version 12.00
# Visual Studio Version 16
VisualStudioVersion = 16.0.30621.155
MinimumVisualStudioVersion = 10.0.40219.1
Project("{FAE04EC0-301F-11D3-BF4B-00C04F79EFBC}") = "Extrator TARGIT", "Extrator TARGIT\Extrator TARGIT.csproj", "{3F3429FB-1ECA-4688-9C61-C8D97467FCD8}"
EndProject
Project("{54435603-DBB4-11D2-8724-00A0C9A8B90C}") = "Instalador Extrator TARGIT", "Instalador Extrator TARGIT\Instalador Extrator TARGIT.vdproj", "{53C936BA-E19D-40A2-830B-905BD41BE0B8}"
EndProject
Project("{FAE04EC0-301F-11D3-BF4B-00C04F79EFBC}") = "Registro", "Registro\Registro.csproj", "{B5BA3660-40F4-4341-AC2A-8800273D0D76}"
EndProject
Global
	GlobalSection(SolutionConfigurationPlatforms) = preSolution
		Debug|Any CPU = Debug|Any CPU
		Release|Any CPU = Release|Any CPU
	EndGlobalSection
	GlobalSection(ProjectConfigurationPlatforms) = postSolution
		{3F3429FB-1ECA-4688-9C61-C8D97467FCD8}.Debug|Any CPU.ActiveCfg = Debug|Any CPU
		{3F3429FB-1ECA-4688-9C61-C8D97467FCD8}.Debug|Any CPU.Build.0 = Debug|Any CPU
		{3F3429FB-1ECA-4688-9C61-C8D97467FCD8}.Release|Any CPU.ActiveCfg = Release|Any CPU
		{3F3429FB-1ECA-4688-9C61-C8D97467FCD8}.Release|Any CPU.Build.0 = Release|Any CPU
		{53C936BA-E19D-40A2-830B-905BD41BE0B8}.Debug|Any CPU.ActiveCfg = Debug
		{53C936BA-E19D-40A2-830B-905BD41BE0B8}.Release|Any CPU.ActiveCfg = Release
		{B5BA3660-40F4-4341-AC2A-8800273D0D76}.Debug|Any CPU.ActiveCfg = Debug|Any CPU
		{B5BA3660-40F4-4341-AC2A-8800273D0D76}.Debug|Any CPU.Build.0 = Debug|Any CPU
		{B5BA3660-40F4-4341-AC2A-8800273D0D76}.Release|Any CPU.ActiveCfg = Release|Any CPU
		{B5BA3660-40F4-4341-AC2A-8800273D0D76}.Release|Any CPU.Build.0 = Release|Any CPU
	EndGlobalSection
	GlobalSection(SolutionProperties) = preSolution
		HideSolutionNode = FALSE
	EndGlobalSection
	GlobalSection(ExtensibilityGlobals) = postSolution
		SolutionGuid = {EF3A75D7-2D16-4B4E-BC7B-3149A35E7999}
	EndGlobalSection
EndGlobal
